
Microsoft Visual Studio Solution File, Format Version 12.00
# Visual Studio Version 16
VisualStudioVersion = 16.0.29123.88
MinimumVisualStudioVersion = 10.0.40219.1
Project("{FAE04EC0-301F-11D3-BF4B-00C04F79EFBC}") = "GDLPSC", "GDLPSC\GDLPSC.csproj", "{E73B5FA7-96C5-4DDF-96D0-31CD48090A1D}"
EndProject
Global
	GlobalSection(SolutionConfigurationPlatforms) = preSolution
		Debug|Any CPU = Debug|Any CPU
		Release|Any CPU = Release|Any CPU
	EndGlobalSection
	GlobalSection(ProjectConfigurationPlatforms) = postSolution
		{E73B5FA7-96C5-4DDF-96D0-31CD48090A1D}.Debug|Any CPU.ActiveCfg = Debug|Any CPU
		{E73B5FA7-96C5-4DDF-96D0-31CD48090A1D}.Debug|Any CPU.Build.0 = Debug|Any CPU
		{E73B5FA7-96C5-4DDF-96D0-31CD48090A1D}.Release|Any CPU.ActiveCfg = Release|Any CPU
		{E73B5FA7-96C5-4DDF-96D0-31CD48090A1D}.Release|Any CPU.Build.0 = Release|Any CPU
	EndGlobalSection
	GlobalSection(SolutionProperties) = preSolution
		HideSolutionNode = FALSE
	EndGlobalSection
	GlobalSection(ExtensibilityGlobals) = postSolution
		SolutionGuid = {87F8F533-5EEA-4CB1-B6F2-E40618D48D88}
	EndGlobalSection
EndGlobal
